PODS:
  - AFNetworking (2.6.3):
    - AFNetworking/NSURLConnection (= 2.6.3)
    - AFNetworking/NSURLSession (= 2.6.3)
    - AFNetworking/Reachability (= 2.6.3)
    - AFNetworking/Security (= 2.6.3)
    - AFNetworking/Serialization (= 2.6.3)
    - AFNetworking/UIKit (= 2.6.3)
  - AFNetworking/NSURLConnection (2.6.3):
    - AFNetworking/Reachability
    - AFNetworking/Security
    - AFNetworking/Serialization
  - AFNetworking/NSURLSession (2.6.3):
    - AFNetworking/Reachability
    - AFNetworking/Security
    - AFNetworking/Serialization
  - AFNetworking/Reachability (2.6.3)
  - AFNetworking/Security (2.6.3)
  - AFNetworking/Serialization (2.6.3)
  - AFNetworking/UIKit (2.6.3):
    - AFNetworking/NSURLConnection
    - AFNetworking/NSURLSession
  - pop (1.0.9)
  - SBJson (4.0.5)

DEPENDENCIES:
  - AFNetworking (~> 2.0)
  - pop (~> 1.0.6)
  - SBJson (~> 4.0.0)

SPEC CHECKSUMS:
  AFNetworking: cb8d14a848e831097108418f5d49217339d4eb60
  pop: f667631a5108a2e60d9e8797c9b32ddaf2080bce
  SBJson: af3137ccda22be3004487524da0a071c75d4251b

PODFILE CHECKSUM: ed44da7b4caf90d0a80157b62a3f64ed02a3f1f7

COCOAPODS: 1.1.1
